
Microsoft Visual Studio Solution File, Format Version 12.00
# Visual Studio 15
VisualStudioVersion = 15.0.28307.329
MinimumVisualStudioVersion = 10.0.40219.1
Project("{FAE04EC0-301F-11D3-BF4B-00C04F79EFBC}") = "ZodiacSign", "ZodiacSign\ZodiacSign.csproj", "{23EC03D3-3915-40D5-912E-05F457C5EF3C}"
EndProject
Global
	GlobalSection(SolutionConfigurationPlatforms) = preSolution
		Debug|Any CPU = Debug|Any CPU
		Release|Any CPU = Release|Any CPU
	EndGlobalSection
	GlobalSection(ProjectConfigurationPlatforms) = postSolution
		{23EC03D3-3915-40D5-912E-05F457C5EF3C}.Debug|Any CPU.ActiveCfg = Debug|Any CPU
		{23EC03D3-3915-40D5-912E-05F457C5EF3C}.Debug|Any CPU.Build.0 = Debug|Any CPU
		{23EC03D3-3915-40D5-912E-05F457C5EF3C}.Release|Any CPU.ActiveCfg = Release|Any CPU
		{23EC03D3-3915-40D5-912E-05F457C5EF3C}.Release|Any CPU.Build.0 = Release|Any CPU
	EndGlobalSection
	GlobalSection(SolutionProperties) = preSolution
		HideSolutionNode = FALSE
	EndGlobalSection
	GlobalSection(ExtensibilityGlobals) = postSolution
		SolutionGuid = {91A27024-DEBA-4C7D-81F6-F13167F8384A}
	EndGlobalSection
EndGlobal
